
Microsoft Visual Studio Solution File, Format Version 12.00
# Visual Studio Version 16
VisualStudioVersion = 16.0.31702.278
MinimumVisualStudioVersion = 10.0.40219.1
Project("{FAE04EC0-301F-11D3-BF4B-00C04F79EFBC}") = "linkList", "linkList\linkList.csproj", "{721CC76D-19FD-42D6-8992-C326031CE68F}"
EndProject
Global
	GlobalSection(SolutionConfigurationPlatforms) = preSolution
		Debug|Any CPU = Debug|Any CPU
		Release|Any CPU = Release|Any CPU
	EndGlobalSection
	GlobalSection(ProjectConfigurationPlatforms) = postSolution
		{721CC76D-19FD-42D6-8992-C326031CE68F}.Debug|Any CPU.ActiveCfg = Debug|Any CPU
		{721CC76D-19FD-42D6-8992-C326031CE68F}.Debug|Any CPU.Build.0 = Debug|Any CPU
		{721CC76D-19FD-42D6-8992-C326031CE68F}.Release|Any CPU.ActiveCfg = Release|Any CPU
		{721CC76D-19FD-42D6-8992-C326031CE68F}.Release|Any CPU.Build.0 = Release|Any CPU
	EndGlobalSection
	GlobalSection(SolutionProperties) = preSolution
		HideSolutionNode = FALSE
	EndGlobalSection
	GlobalSection(ExtensibilityGlobals) = postSolution
		SolutionGuid = {C8166FFB-D894-416A-A24B-149E3C153B04}
	EndGlobalSection
EndGlobal
