
Microsoft Visual Studio Solution File, Format Version 12.00
# Visual Studio Version 16
VisualStudioVersion = 16.0.30907.101
MinimumVisualStudioVersion = 10.0.40219.1
Project("{FAE04EC0-301F-11D3-BF4B-00C04F79EFBC}") = "time+15", "time+15\time+15.csproj", "{CBF528A7-844A-4566-B0D9-36DB719AF469}"
EndProject
Global
	GlobalSection(SolutionConfigurationPlatforms) = preSolution
		Debug|Any CPU = Debug|Any CPU
		Release|Any CPU = Release|Any CPU
	EndGlobalSection
	GlobalSection(ProjectConfigurationPlatforms) = postSolution
		{CBF528A7-844A-4566-B0D9-36DB719AF469}.Debug|Any CPU.ActiveCfg = Debug|Any CPU
		{CBF528A7-844A-4566-B0D9-36DB719AF469}.Debug|Any CPU.Build.0 = Debug|Any CPU
		{CBF528A7-844A-4566-B0D9-36DB719AF469}.Release|Any CPU.ActiveCfg = Release|Any CPU
		{CBF528A7-844A-4566-B0D9-36DB719AF469}.Release|Any CPU.Build.0 = Release|Any CPU
	EndGlobalSection
	GlobalSection(SolutionProperties) = preSolution
		HideSolutionNode = FALSE
	EndGlobalSection
	GlobalSection(ExtensibilityGlobals) = postSolution
		SolutionGuid = {E0AA79C0-F5A1-4D39-9321-E96214ED0241}
	EndGlobalSection
EndGlobal
