
Microsoft Visual Studio Solution File, Format Version 12.00
# Visual Studio Version 16
VisualStudioVersion = 16.0.31702.278
MinimumVisualStudioVersion = 10.0.40219.1
Project("{FAE04EC0-301F-11D3-BF4B-00C04F79EFBC}") = "GenericArrayCreator", "GenericArrayCreator\GenericArrayCreator.csproj", "{78000C75-1E9A-43AB-9465-38FBF9609160}"
EndProject
Global
	GlobalSection(SolutionConfigurationPlatforms) = preSolution
		Debug|Any CPU = Debug|Any CPU
		Release|Any CPU = Release|Any CPU
	EndGlobalSection
	GlobalSection(ProjectConfigurationPlatforms) = postSolution
		{78000C75-1E9A-43AB-9465-38FBF9609160}.Debug|Any CPU.ActiveCfg = Debug|Any CPU
		{78000C75-1E9A-43AB-9465-38FBF9609160}.Debug|Any CPU.Build.0 = Debug|Any CPU
		{78000C75-1E9A-43AB-9465-38FBF9609160}.Release|Any CPU.ActiveCfg = Release|Any CPU
		{78000C75-1E9A-43AB-9465-38FBF9609160}.Release|Any CPU.Build.0 = Release|Any CPU
	EndGlobalSection
	GlobalSection(SolutionProperties) = preSolution
		HideSolutionNode = FALSE
	EndGlobalSection
	GlobalSection(ExtensibilityGlobals) = postSolution
		SolutionGuid = {9CBEA534-B63F-43FB-8619-A770D621DAA8}
	EndGlobalSection
EndGlobal
