
Microsoft Visual Studio Solution File, Format Version 12.00
# Visual Studio Version 16
VisualStudioVersion = 16.0.31702.278
MinimumVisualStudioVersion = 10.0.40219.1
Project("{FAE04EC0-301F-11D3-BF4B-00C04F79EFBC}") = "generics", "generics\generics.csproj", "{C8BB4A72-5413-4124-8033-31DCC2B8EF07}"
EndProject
Global
	GlobalSection(SolutionConfigurationPlatforms) = preSolution
		Debug|Any CPU = Debug|Any CPU
		Release|Any CPU = Release|Any CPU
	EndGlobalSection
	GlobalSection(ProjectConfigurationPlatforms) = postSolution
		{C8BB4A72-5413-4124-8033-31DCC2B8EF07}.Debug|Any CPU.ActiveCfg = Debug|Any CPU
		{C8BB4A72-5413-4124-8033-31DCC2B8EF07}.Debug|Any CPU.Build.0 = Debug|Any CPU
		{C8BB4A72-5413-4124-8033-31DCC2B8EF07}.Release|Any CPU.ActiveCfg = Release|Any CPU
		{C8BB4A72-5413-4124-8033-31DCC2B8EF07}.Release|Any CPU.Build.0 = Release|Any CPU
	EndGlobalSection
	GlobalSection(SolutionProperties) = preSolution
		HideSolutionNode = FALSE
	EndGlobalSection
	GlobalSection(ExtensibilityGlobals) = postSolution
		SolutionGuid = {A8CDA02A-D753-4CB3-845F-4A61983510F8}
	EndGlobalSection
EndGlobal
