
Microsoft Visual Studio Solution File, Format Version 12.00
# Visual Studio Version 16
VisualStudioVersion = 16.0.31729.503
MinimumVisualStudioVersion = 10.0.40219.1
Project("{FAE04EC0-301F-11D3-BF4B-00C04F79EFBC}") = "printEvenNum", "printEvenNum\printEvenNum.csproj", "{73ECA88D-281F-4D40-9BC2-466F3E1337FF}"
EndProject
Project("{FAE04EC0-301F-11D3-BF4B-00C04F79EFBC}") = "supermarket", "supermarket\supermarket.csproj", "{880DCC4B-E8DE-4E02-A515-9653D3DBCA2B}"
EndProject
Project("{FAE04EC0-301F-11D3-BF4B-00C04F79EFBC}") = "hotPotato", "hotPotato\hotPotato.csproj", "{C2271C7D-A136-402D-8CAC-15E32598FC43}"
EndProject
Global
	GlobalSection(SolutionConfigurationPlatforms) = preSolution
		Debug|Any CPU = Debug|Any CPU
		Release|Any CPU = Release|Any CPU
	EndGlobalSection
	GlobalSection(ProjectConfigurationPlatforms) = postSolution
		{73ECA88D-281F-4D40-9BC2-466F3E1337FF}.Debug|Any CPU.ActiveCfg = Debug|Any CPU
		{73ECA88D-281F-4D40-9BC2-466F3E1337FF}.Debug|Any CPU.Build.0 = Debug|Any CPU
		{73ECA88D-281F-4D40-9BC2-466F3E1337FF}.Release|Any CPU.ActiveCfg = Release|Any CPU
		{73ECA88D-281F-4D40-9BC2-466F3E1337FF}.Release|Any CPU.Build.0 = Release|Any CPU
		{880DCC4B-E8DE-4E02-A515-9653D3DBCA2B}.Debug|Any CPU.ActiveCfg = Debug|Any CPU
		{880DCC4B-E8DE-4E02-A515-9653D3DBCA2B}.Debug|Any CPU.Build.0 = Debug|Any CPU
		{880DCC4B-E8DE-4E02-A515-9653D3DBCA2B}.Release|Any CPU.ActiveCfg = Release|Any CPU
		{880DCC4B-E8DE-4E02-A515-9653D3DBCA2B}.Release|Any CPU.Build.0 = Release|Any CPU
		{C2271C7D-A136-402D-8CAC-15E32598FC43}.Debug|Any CPU.ActiveCfg = Debug|Any CPU
		{C2271C7D-A136-402D-8CAC-15E32598FC43}.Debug|Any CPU.Build.0 = Debug|Any CPU
		{C2271C7D-A136-402D-8CAC-15E32598FC43}.Release|Any CPU.ActiveCfg = Release|Any CPU
		{C2271C7D-A136-402D-8CAC-15E32598FC43}.Release|Any CPU.Build.0 = Release|Any CPU
	EndGlobalSection
	GlobalSection(SolutionProperties) = preSolution
		HideSolutionNode = FALSE
	EndGlobalSection
	GlobalSection(ExtensibilityGlobals) = postSolution
		SolutionGuid = {EF166E22-4D35-4AE1-9A98-8342E5202A91}
	EndGlobalSection
EndGlobal
