
Microsoft Visual Studio Solution File, Format Version 12.00
# Visual Studio Version 16
VisualStudioVersion = 16.0.31624.102
MinimumVisualStudioVersion = 10.0.40219.1
Project("{FAE04EC0-301F-11D3-BF4B-00C04F79EFBC}") = "stacks", "stacks\stacks.csproj", "{0DC76AE1-0DDE-4047-A322-DDEA02ECA971}"
EndProject
Project("{FAE04EC0-301F-11D3-BF4B-00C04F79EFBC}") = "01revarce", "01revarce\01revarce.csproj", "{833BE8BA-D45F-458F-A948-7CC64745EC5F}"
EndProject
Project("{FAE04EC0-301F-11D3-BF4B-00C04F79EFBC}") = "02stackSum", "02stackSum\02stackSum.csproj", "{08D465AA-B1F3-4A1B-BDAF-DCC01337C2FD}"
EndProject
Global
	GlobalSection(SolutionConfigurationPlatforms) = preSolution
		Debug|Any CPU = Debug|Any CPU
		Release|Any CPU = Release|Any CPU
	EndGlobalSection
	GlobalSection(ProjectConfigurationPlatforms) = postSolution
		{0DC76AE1-0DDE-4047-A322-DDEA02ECA971}.Debug|Any CPU.ActiveCfg = Debug|Any CPU
		{0DC76AE1-0DDE-4047-A322-DDEA02ECA971}.Debug|Any CPU.Build.0 = Debug|Any CPU
		{0DC76AE1-0DDE-4047-A322-DDEA02ECA971}.Release|Any CPU.ActiveCfg = Release|Any CPU
		{0DC76AE1-0DDE-4047-A322-DDEA02ECA971}.Release|Any CPU.Build.0 = Release|Any CPU
		{833BE8BA-D45F-458F-A948-7CC64745EC5F}.Debug|Any CPU.ActiveCfg = Debug|Any CPU
		{833BE8BA-D45F-458F-A948-7CC64745EC5F}.Debug|Any CPU.Build.0 = Debug|Any CPU
		{833BE8BA-D45F-458F-A948-7CC64745EC5F}.Release|Any CPU.ActiveCfg = Release|Any CPU
		{833BE8BA-D45F-458F-A948-7CC64745EC5F}.Release|Any CPU.Build.0 = Release|Any CPU
		{08D465AA-B1F3-4A1B-BDAF-DCC01337C2FD}.Debug|Any CPU.ActiveCfg = Debug|Any CPU
		{08D465AA-B1F3-4A1B-BDAF-DCC01337C2FD}.Debug|Any CPU.Build.0 = Debug|Any CPU
		{08D465AA-B1F3-4A1B-BDAF-DCC01337C2FD}.Release|Any CPU.ActiveCfg = Release|Any CPU
		{08D465AA-B1F3-4A1B-BDAF-DCC01337C2FD}.Release|Any CPU.Build.0 = Release|Any CPU
	EndGlobalSection
	GlobalSection(SolutionProperties) = preSolution
		HideSolutionNode = FALSE
	EndGlobalSection
	GlobalSection(ExtensibilityGlobals) = postSolution
		SolutionGuid = {0F833EA5-72D9-4FA2-B0CF-9FE45D36C71E}
	EndGlobalSection
EndGlobal
