
Microsoft Visual Studio Solution File, Format Version 12.00
# Visual Studio Version 16
VisualStudioVersion = 16.0.31702.278
MinimumVisualStudioVersion = 10.0.40219.1
Project("{FAE04EC0-301F-11D3-BF4B-00C04F79EFBC}") = "05recordUniqueNames", "05recordUniqueNames\05recordUniqueNames.csproj", "{13CF47C7-BE07-48F2-9621-7F2A50C1B500}"
EndProject
Global
	GlobalSection(SolutionConfigurationPlatforms) = preSolution
		Debug|Any CPU = Debug|Any CPU
		Release|Any CPU = Release|Any CPU
	EndGlobalSection
	GlobalSection(ProjectConfigurationPlatforms) = postSolution
		{13CF47C7-BE07-48F2-9621-7F2A50C1B500}.Debug|Any CPU.ActiveCfg = Debug|Any CPU
		{13CF47C7-BE07-48F2-9621-7F2A50C1B500}.Debug|Any CPU.Build.0 = Debug|Any CPU
		{13CF47C7-BE07-48F2-9621-7F2A50C1B500}.Release|Any CPU.ActiveCfg = Release|Any CPU
		{13CF47C7-BE07-48F2-9621-7F2A50C1B500}.Release|Any CPU.Build.0 = Release|Any CPU
	EndGlobalSection
	GlobalSection(SolutionProperties) = preSolution
		HideSolutionNode = FALSE
	EndGlobalSection
	GlobalSection(ExtensibilityGlobals) = postSolution
		SolutionGuid = {77B5180F-68AA-4BE4-B216-F4DC678EB318}
	EndGlobalSection
EndGlobal
