
Microsoft Visual Studio Solution File, Format Version 12.00
# Visual Studio Version 16
VisualStudioVersion = 16.0.31702.278
MinimumVisualStudioVersion = 10.0.40219.1
Project("{FAE04EC0-301F-11D3-BF4B-00C04F79EFBC}") = "classStart", "classStart\classStart.csproj", "{C8C6E093-1090-487D-88AA-C706AC53DC8D}"
EndProject
Project("{FAE04EC0-301F-11D3-BF4B-00C04F79EFBC}") = "classDice", "classDice\classDice.csproj", "{9EEEF894-C68F-460C-BB42-54B78BD72176}"
EndProject
Project("{FAE04EC0-301F-11D3-BF4B-00C04F79EFBC}") = "implementDoubleList", "implementDoubleList\implementDoubleList.csproj", "{F25B15DC-5CA8-4C65-92B6-56240BB90C55}"
EndProject
Global
	GlobalSection(SolutionConfigurationPlatforms) = preSolution
		Debug|Any CPU = Debug|Any CPU
		Release|Any CPU = Release|Any CPU
	EndGlobalSection
	GlobalSection(ProjectConfigurationPlatforms) = postSolution
		{C8C6E093-1090-487D-88AA-C706AC53DC8D}.Debug|Any CPU.ActiveCfg = Debug|Any CPU
		{C8C6E093-1090-487D-88AA-C706AC53DC8D}.Debug|Any CPU.Build.0 = Debug|Any CPU
		{C8C6E093-1090-487D-88AA-C706AC53DC8D}.Release|Any CPU.ActiveCfg = Release|Any CPU
		{C8C6E093-1090-487D-88AA-C706AC53DC8D}.Release|Any CPU.Build.0 = Release|Any CPU
		{9EEEF894-C68F-460C-BB42-54B78BD72176}.Debug|Any CPU.ActiveCfg = Debug|Any CPU
		{9EEEF894-C68F-460C-BB42-54B78BD72176}.Debug|Any CPU.Build.0 = Debug|Any CPU
		{9EEEF894-C68F-460C-BB42-54B78BD72176}.Release|Any CPU.ActiveCfg = Release|Any CPU
		{9EEEF894-C68F-460C-BB42-54B78BD72176}.Release|Any CPU.Build.0 = Release|Any CPU
		{F25B15DC-5CA8-4C65-92B6-56240BB90C55}.Debug|Any CPU.ActiveCfg = Debug|Any CPU
		{F25B15DC-5CA8-4C65-92B6-56240BB90C55}.Debug|Any CPU.Build.0 = Debug|Any CPU
		{F25B15DC-5CA8-4C65-92B6-56240BB90C55}.Release|Any CPU.ActiveCfg = Release|Any CPU
		{F25B15DC-5CA8-4C65-92B6-56240BB90C55}.Release|Any CPU.Build.0 = Release|Any CPU
	EndGlobalSection
	GlobalSection(SolutionProperties) = preSolution
		HideSolutionNode = FALSE
	EndGlobalSection
	GlobalSection(ExtensibilityGlobals) = postSolution
		SolutionGuid = {DE143F40-08AD-45FC-8F08-F38E37C3D0EC}
	EndGlobalSection
EndGlobal
