
Microsoft Visual Studio Solution File, Format Version 12.00
# Visual Studio Version 16
VisualStudioVersion = 16.0.31624.102
MinimumVisualStudioVersion = 10.0.40219.1
Project("{FAE04EC0-301F-11D3-BF4B-00C04F79EFBC}") = "03primaryDiagonal", "03primaryDiagonal\03primaryDiagonal.csproj", "{1BBD4280-9D53-4233-AF99-EB0E0B018B0F}"
EndProject
Global
	GlobalSection(SolutionConfigurationPlatforms) = preSolution
		Debug|Any CPU = Debug|Any CPU
		Release|Any CPU = Release|Any CPU
	EndGlobalSection
	GlobalSection(ProjectConfigurationPlatforms) = postSolution
		{1BBD4280-9D53-4233-AF99-EB0E0B018B0F}.Debug|Any CPU.ActiveCfg = Debug|Any CPU
		{1BBD4280-9D53-4233-AF99-EB0E0B018B0F}.Debug|Any CPU.Build.0 = Debug|Any CPU
		{1BBD4280-9D53-4233-AF99-EB0E0B018B0F}.Release|Any CPU.ActiveCfg = Release|Any CPU
		{1BBD4280-9D53-4233-AF99-EB0E0B018B0F}.Release|Any CPU.Build.0 = Release|Any CPU
	EndGlobalSection
	GlobalSection(SolutionProperties) = preSolution
		HideSolutionNode = FALSE
	EndGlobalSection
	GlobalSection(ExtensibilityGlobals) = postSolution
		SolutionGuid = {6D8BF543-15F9-4F77-9710-9F7B085530B9}
	EndGlobalSection
EndGlobal
