
Microsoft Visual Studio Solution File, Format Version 12.00
# Visual Studio Version 16
VisualStudioVersion = 16.0.31702.278
MinimumVisualStudioVersion = 10.0.40219.1
Project("{FAE04EC0-301F-11D3-BF4B-00C04F79EFBC}") = "linqTest", "linqTest\linqTest.csproj", "{22102808-40C1-4624-8A37-0AFF3E72722E}"
EndProject
Project("{FAE04EC0-301F-11D3-BF4B-00C04F79EFBC}") = "linqTest2", "linqTest2\linqTest2.csproj", "{6B7AF5E7-6FF7-46FB-A817-73CFFC84B496}"
EndProject
Project("{FAE04EC0-301F-11D3-BF4B-00C04F79EFBC}") = "linqTest3", "linqTest3\linqTest3.csproj", "{EB10E281-FD8C-4BB8-B9C4-EF5E81AD9AA0}"
EndProject
Global
	GlobalSection(SolutionConfigurationPlatforms) = preSolution
		Debug|Any CPU = Debug|Any CPU
		Release|Any CPU = Release|Any CPU
	EndGlobalSection
	GlobalSection(ProjectConfigurationPlatforms) = postSolution
		{22102808-40C1-4624-8A37-0AFF3E72722E}.Debug|Any CPU.ActiveCfg = Debug|Any CPU
		{22102808-40C1-4624-8A37-0AFF3E72722E}.Debug|Any CPU.Build.0 = Debug|Any CPU
		{22102808-40C1-4624-8A37-0AFF3E72722E}.Release|Any CPU.ActiveCfg = Release|Any CPU
		{22102808-40C1-4624-8A37-0AFF3E72722E}.Release|Any CPU.Build.0 = Release|Any CPU
		{6B7AF5E7-6FF7-46FB-A817-73CFFC84B496}.Debug|Any CPU.ActiveCfg = Debug|Any CPU
		{6B7AF5E7-6FF7-46FB-A817-73CFFC84B496}.Debug|Any CPU.Build.0 = Debug|Any CPU
		{6B7AF5E7-6FF7-46FB-A817-73CFFC84B496}.Release|Any CPU.ActiveCfg = Release|Any CPU
		{6B7AF5E7-6FF7-46FB-A817-73CFFC84B496}.Release|Any CPU.Build.0 = Release|Any CPU
		{EB10E281-FD8C-4BB8-B9C4-EF5E81AD9AA0}.Debug|Any CPU.ActiveCfg = Debug|Any CPU
		{EB10E281-FD8C-4BB8-B9C4-EF5E81AD9AA0}.Debug|Any CPU.Build.0 = Debug|Any CPU
		{EB10E281-FD8C-4BB8-B9C4-EF5E81AD9AA0}.Release|Any CPU.ActiveCfg = Release|Any CPU
		{EB10E281-FD8C-4BB8-B9C4-EF5E81AD9AA0}.Release|Any CPU.Build.0 = Release|Any CPU
	EndGlobalSection
	GlobalSection(SolutionProperties) = preSolution
		HideSolutionNode = FALSE
	EndGlobalSection
	GlobalSection(ExtensibilityGlobals) = postSolution
		SolutionGuid = {ED6E0FB8-03DC-415C-B22C-8F359E2FF453}
	EndGlobalSection
EndGlobal
